
Microsoft Visual Studio Solution File, Format Version 12.00
# Visual Studio Version 16
VisualStudioVersion = 16.0.35706.149
MinimumVisualStudioVersion = 10.0.40219.1
Project("{FAE04EC0-301F-11D3-BF4B-00C04F79EFBC}") = "POS_System", "POS_System\POS_System.csproj", "{5DACC8F2-951E-46F5-BE4F-8ACD1078E6B9}"
EndProject
Global
	GlobalSection(SolutionConfigurationPlatforms) = preSolution
		Debug|Any CPU = Debug|Any CPU
		Release|Any CPU = Release|Any CPU
	EndGlobalSection
	GlobalSection(ProjectConfigurationPlatforms) = postSolution
		{5DACC8F2-951E-46F5-BE4F-8ACD1078E6B9}.Debug|Any CPU.ActiveCfg = Debug|Any CPU
		{5DACC8F2-951E-46F5-BE4F-8ACD1078E6B9}.Debug|Any CPU.Build.0 = Debug|Any CPU
		{5DACC8F2-951E-46F5-BE4F-8ACD1078E6B9}.Release|Any CPU.ActiveCfg = Release|Any CPU
		{5DACC8F2-951E-46F5-BE4F-8ACD1078E6B9}.Release|Any CPU.Build.0 = Release|Any CPU
	EndGlobalSection
	GlobalSection(SolutionProperties) = preSolution
		HideSolutionNode = FALSE
	EndGlobalSection
	GlobalSection(ExtensibilityGlobals) = postSolution
		SolutionGuid = {D15C91A2-1AB4-491C-B34A-EB87B18C106E}
	EndGlobalSection
EndGlobal
